
Microsoft Visual Studio Solution File, Format Version 12.00
# Visual Studio Version 16
VisualStudioVersion = 16.0.31112.23
MinimumVisualStudioVersion = 10.0.40219.1
Project("{FAE04EC0-301F-11D3-BF4B-00C04F79EFBC}") = "SuperPrsi", "SuperPrsi\SuperPrsi.csproj", "{E41B48F0-126C-4F8D-BC63-DBF3ADEFA7F2}"
EndProject
Project("{9A19103F-16F7-4668-BE54-9A1E7A4F7556}") = "SuperPrsi.Common", "SuperPrsi.Common\SuperPrsi.Common.csproj", "{21A46071-F1F4-47DE-A98D-D5570EDD16D2}"
EndProject
Project("{FAE04EC0-301F-11D3-BF4B-00C04F79EFBC}") = "SuperPrsi.DummyClient", "SuperPrsi.DummyClient\SuperPrsi.DummyClient.csproj", "{F95CE8D4-72F4-4D4F-B44E-713DDBE8464F}"
EndProject
Global
	GlobalSection(SolutionConfigurationPlatforms) = preSolution
		Debug|Any CPU = Debug|Any CPU
		Release|Any CPU = Release|Any CPU
	EndGlobalSection
	GlobalSection(ProjectConfigurationPlatforms) = postSolution
		{E41B48F0-126C-4F8D-BC63-DBF3ADEFA7F2}.Debug|Any CPU.ActiveCfg = Debug|Any CPU
		{E41B48F0-126C-4F8D-BC63-DBF3ADEFA7F2}.Debug|Any CPU.Build.0 = Debug|Any CPU
		{E41B48F0-126C-4F8D-BC63-DBF3ADEFA7F2}.Release|Any CPU.ActiveCfg = Release|Any CPU
		{E41B48F0-126C-4F8D-BC63-DBF3ADEFA7F2}.Release|Any CPU.Build.0 = Release|Any CPU
		{21A46071-F1F4-47DE-A98D-D5570EDD16D2}.Debug|Any CPU.ActiveCfg = Debug|Any CPU
		{21A46071-F1F4-47DE-A98D-D5570EDD16D2}.Debug|Any CPU.Build.0 = Debug|Any CPU
		{21A46071-F1F4-47DE-A98D-D5570EDD16D2}.Release|Any CPU.ActiveCfg = Release|Any CPU
		{21A46071-F1F4-47DE-A98D-D5570EDD16D2}.Release|Any CPU.Build.0 = Release|Any CPU
		{F95CE8D4-72F4-4D4F-B44E-713DDBE8464F}.Debug|Any CPU.ActiveCfg = Debug|Any CPU
		{F95CE8D4-72F4-4D4F-B44E-713DDBE8464F}.Debug|Any CPU.Build.0 = Debug|Any CPU
		{F95CE8D4-72F4-4D4F-B44E-713DDBE8464F}.Release|Any CPU.ActiveCfg = Release|Any CPU
		{F95CE8D4-72F4-4D4F-B44E-713DDBE8464F}.Release|Any CPU.Build.0 = Release|Any CPU
	EndGlobalSection
	GlobalSection(SolutionProperties) = preSolution
		HideSolutionNode = FALSE
	EndGlobalSection
	GlobalSection(ExtensibilityGlobals) = postSolution
		SolutionGuid = {417376EC-9AE6-4435-8313-84EB1AEC916C}
	EndGlobalSection
EndGlobal
